
Microsoft Visual Studio Solution File, Format Version 12.00
# Visual Studio Version 16
VisualStudioVersion = 16.0.28803.156
MinimumVisualStudioVersion = 10.0.40219.1
Project("{9A19103F-16F7-4668-BE54-9A1E7A4F7556}") = "ConsoleApp", "CosmosInterface\ConsoleApp.csproj", "{C7164E63-2011-41BA-A448-F4AE8953FF9A}"
EndProject
Project("{9A19103F-16F7-4668-BE54-9A1E7A4F7556}") = "MongoDbDataLayer", "MongoDbCoreLib\MongoDbDataLayer.csproj", "{C74C1EEE-80D1-4D93-A093-F932197C9106}"
EndProject
Project("{9A19103F-16F7-4668-BE54-9A1E7A4F7556}") = "MongoDbDataLayerTests", "MongoDbDataLayerTests\MongoDbDataLayerTests.csproj", "{067D95D0-04B3-4DC1-895E-BFC94DB47A54}"
EndProject
Global
	GlobalSection(SolutionConfigurationPlatforms) = preSolution
		Debug|Any CPU = Debug|Any CPU
		Release|Any CPU = Release|Any CPU
	EndGlobalSection
	GlobalSection(ProjectConfigurationPlatforms) = postSolution
		{C7164E63-2011-41BA-A448-F4AE8953FF9A}.Debug|Any CPU.ActiveCfg = Debug|Any CPU
		{C7164E63-2011-41BA-A448-F4AE8953FF9A}.Debug|Any CPU.Build.0 = Debug|Any CPU
		{C7164E63-2011-41BA-A448-F4AE8953FF9A}.Release|Any CPU.ActiveCfg = Release|Any CPU
		{C7164E63-2011-41BA-A448-F4AE8953FF9A}.Release|Any CPU.Build.0 = Release|Any CPU
		{C74C1EEE-80D1-4D93-A093-F932197C9106}.Debug|Any CPU.ActiveCfg = Debug|Any CPU
		{C74C1EEE-80D1-4D93-A093-F932197C9106}.Debug|Any CPU.Build.0 = Debug|Any CPU
		{C74C1EEE-80D1-4D93-A093-F932197C9106}.Release|Any CPU.ActiveCfg = Release|Any CPU
		{C74C1EEE-80D1-4D93-A093-F932197C9106}.Release|Any CPU.Build.0 = Release|Any CPU
		{067D95D0-04B3-4DC1-895E-BFC94DB47A54}.Debug|Any CPU.ActiveCfg = Debug|Any CPU
		{067D95D0-04B3-4DC1-895E-BFC94DB47A54}.Debug|Any CPU.Build.0 = Debug|Any CPU
		{067D95D0-04B3-4DC1-895E-BFC94DB47A54}.Release|Any CPU.ActiveCfg = Release|Any CPU
		{067D95D0-04B3-4DC1-895E-BFC94DB47A54}.Release|Any CPU.Build.0 = Release|Any CPU
	EndGlobalSection
	GlobalSection(SolutionProperties) = preSolution
		HideSolutionNode = FALSE
	EndGlobalSection
	GlobalSection(ExtensibilityGlobals) = postSolution
		SolutionGuid = {08B1328E-422F-453B-89B9-9B67D58877CD}
	EndGlobalSection
EndGlobal
